
Microsoft Visual Studio Solution File, Format Version 12.00
# Visual Studio Version 17
VisualStudioVersion = 17.6.33723.286
MinimumVisualStudioVersion = 10.0.40219.1
Project("{FAE04EC0-301F-11D3-BF4B-00C04F79EFBC}") = "MeinWetterApp", "MeinWetterApp\MeinWetterApp.csproj", "{97380D71-A345-4973-8F7B-E384FE0546BF}"
EndProject
Global
	GlobalSection(SolutionConfigurationPlatforms) = preSolution
		Debug|Any CPU = Debug|Any CPU
		Release|Any CPU = Release|Any CPU
	EndGlobalSection
	GlobalSection(ProjectConfigurationPlatforms) = postSolution
		{97380D71-A345-4973-8F7B-E384FE0546BF}.Debug|Any CPU.ActiveCfg = Debug|Any CPU
		{97380D71-A345-4973-8F7B-E384FE0546BF}.Debug|Any CPU.Build.0 = Debug|Any CPU
		{97380D71-A345-4973-8F7B-E384FE0546BF}.Release|Any CPU.ActiveCfg = Release|Any CPU
		{97380D71-A345-4973-8F7B-E384FE0546BF}.Release|Any CPU.Build.0 = Release|Any CPU
	EndGlobalSection
	GlobalSection(SolutionProperties) = preSolution
		HideSolutionNode = FALSE
	EndGlobalSection
	GlobalSection(ExtensibilityGlobals) = postSolution
		SolutionGuid = {92DAA255-A289-4BF0-BFEE-18F8859AFE2E}
	EndGlobalSection
EndGlobal
